
Microsoft Visual Studio Solution File, Format Version 12.00
# Visual Studio Version 17
VisualStudioVersion = 17.5.002.0
MinimumVisualStudioVersion = 10.0.40219.1
Project("{9A19103F-16F7-4668-BE54-9A1E7A4F7556}") = "Inventory", "Inventory.csproj", "{FCD7CF63-C63A-48AB-8EB7-33BE3CD6DFDE}"
EndProject
Global
	GlobalSection(SolutionConfigurationPlatforms) = preSolution
		Debug|Any CPU = Debug|Any CPU
		Release|Any CPU = Release|Any CPU
	EndGlobalSection
	GlobalSection(ProjectConfigurationPlatforms) = postSolution
		{FCD7CF63-C63A-48AB-8EB7-33BE3CD6DFDE}.Debug|Any CPU.ActiveCfg = Debug|Any CPU
		{FCD7CF63-C63A-48AB-8EB7-33BE3CD6DFDE}.Debug|Any CPU.Build.0 = Debug|Any CPU
		{FCD7CF63-C63A-48AB-8EB7-33BE3CD6DFDE}.Release|Any CPU.ActiveCfg = Release|Any CPU
		{FCD7CF63-C63A-48AB-8EB7-33BE3CD6DFDE}.Release|Any CPU.Build.0 = Release|Any CPU
	EndGlobalSection
	GlobalSection(SolutionProperties) = preSolution
		HideSolutionNode = FALSE
	EndGlobalSection
	GlobalSection(ExtensibilityGlobals) = postSolution
		SolutionGuid = {48BF5972-16C3-4845-8A67-89DE82C5C03C}
	EndGlobalSection
EndGlobal
